
Microsoft Visual Studio Solution File, Format Version 12.00
# Visual Studio Version 17
VisualStudioVersion = 17.5.002.0
MinimumVisualStudioVersion = 10.0.40219.1
Project("{2150E333-8FDC-42A3-9474-1A3956D46DE8}") = "csharp-prep", "csharp-prep", "{3B72DA08-215C-4ABE-BF41-31791DB0231B}"
EndProject
Project("{9A19103F-16F7-4668-BE54-9A1E7A4F7556}") = "Prep1", "csharp-prep\Prep1\Prep1.csproj", "{14C6A743-3E95-4BD5-B243-C585BE7DD7FC}"
EndProject
Project("{9A19103F-16F7-4668-BE54-9A1E7A4F7556}") = "Prep2", "csharp-prep\Prep2\Prep2.csproj", "{AFBABD35-A8EE-45EC-B3C5-B6FB8E48BE02}"
EndProject
Project("{9A19103F-16F7-4668-BE54-9A1E7A4F7556}") = "Prep3", "csharp-prep\Prep3\Prep3.csproj", "{D72155CF-36C4-4EBD-9D58-738F80CFBA47}"
EndProject
Project("{9A19103F-16F7-4668-BE54-9A1E7A4F7556}") = "Prep4", "csharp-prep\Prep4\Prep4.csproj", "{D8DCD768-E6F5-478A-86EE-AA80A61324AB}"
EndProject
Project("{9A19103F-16F7-4668-BE54-9A1E7A4F7556}") = "Prep5", "csharp-prep\Prep5\Prep5.csproj", "{CC49599D-9920-4228-9494-E78B27D0F0DF}"
EndProject
Project("{2150E333-8FDC-42A3-9474-1A3956D46DE8}") = "final", "final", "{C5965F44-E006-4771-A4D3-D796A4FDB2EC}"
EndProject
Project("{9A19103F-16F7-4668-BE54-9A1E7A4F7556}") = "FinalProject", "final\FinalProject\FinalProject.csproj", "{DFDFC02A-E904-48BF-B016-BAEB7FFB8204}"
EndProject
Project("{9A19103F-16F7-4668-BE54-9A1E7A4F7556}") = "Foundation1", "final\Foundation1\Foundation1.csproj", "{79B92658-F0BE-4AC5-ABCF-DB06268E3382}"
EndProject
Project("{9A19103F-16F7-4668-BE54-9A1E7A4F7556}") = "Foundation2", "final\Foundation2\Foundation2.csproj", "{CE186173-9B8F-41B4-9548-E2546D746B5B}"
EndProject
Project("{9A19103F-16F7-4668-BE54-9A1E7A4F7556}") = "Foundation3", "final\Foundation3\Foundation3.csproj", "{94D506E7-C53F-4910-94DD-91B16515C019}"
EndProject
Project("{9A19103F-16F7-4668-BE54-9A1E7A4F7556}") = "Foundation4", "final\Foundation4\Foundation4.csproj", "{FD66058E-D1B9-4478-8DA8-0E8609046BA1}"
EndProject
Project("{2150E333-8FDC-42A3-9474-1A3956D46DE8}") = "prepare", "prepare", "{105E67D7-151C-477D-BB7B-41343812A21F}"
EndProject
Project("{9A19103F-16F7-4668-BE54-9A1E7A4F7556}") = "Learning02", "prepare\Learning02\Learning02.csproj", "{874EF87E-107A-47B3-956E-9D9DFE569A06}"
EndProject
Project("{9A19103F-16F7-4668-BE54-9A1E7A4F7556}") = "Learning03", "prepare\Learning03\Learning03.csproj", "{9D3DC5B4-D899-4E3C-90F7-AAC618424939}"
EndProject
Project("{9A19103F-16F7-4668-BE54-9A1E7A4F7556}") = "Learning04", "prepare\Learning04\Learning04.csproj", "{5AF5BBA6-315E-4DC2-A73C-4A079640D3CA}"
EndProject
Project("{9A19103F-16F7-4668-BE54-9A1E7A4F7556}") = "Learning05", "prepare\Learning05\Learning05.csproj", "{C03743EA-EDCD-466D-B6D6-CDD0633118EC}"
EndProject
Project("{2150E333-8FDC-42A3-9474-1A3956D46DE8}") = "prove", "prove", "{03703C94-ABEB-4285-A438-17B00FE9B4D6}"
EndProject
Project("{9A19103F-16F7-4668-BE54-9A1E7A4F7556}") = "Develop02", "prove\Develop02\Develop02.csproj", "{5BAFBD32-7B61-40BF-91B2-521C2E961A70}"
EndProject
Project("{9A19103F-16F7-4668-BE54-9A1E7A4F7556}") = "Develop03", "prove\Develop03\Develop03.csproj", "{EA1F9C6D-138E-4151-BBEF-E1DC2121ADCB}"
EndProject
Project("{9A19103F-16F7-4668-BE54-9A1E7A4F7556}") = "Develop04", "prove\Develop04\Develop04.csproj", "{B7E62A01-E0FF-4920-9803-72BA9D77DBF8}"
EndProject
Project("{9A19103F-16F7-4668-BE54-9A1E7A4F7556}") = "Develop05", "prove\Develop05\Develop05.csproj", "{ADCCFD68-3A86-4660-97D3-23FADBF08343}"
EndProject
Project("{2150E333-8FDC-42A3-9474-1A3956D46DE8}") = "sandbox", "sandbox", "{0092B6F3-4B65-469A-A0B9-A68184E6E295}"
EndProject
Project("{9A19103F-16F7-4668-BE54-9A1E7A4F7556}") = "Sandbox", "sandbox\Sandbox\Sandbox.csproj", "{3C8F3695-52FF-4907-A958-04CC08A70C60}"
EndProject
Global
	GlobalSection(SolutionConfigurationPlatforms) = preSolution
		Debug|Any CPU = Debug|Any CPU
		Release|Any CPU = Release|Any CPU
	EndGlobalSection
	GlobalSection(ProjectConfigurationPlatforms) = postSolution
		{14C6A743-3E95-4BD5-B243-C585BE7DD7FC}.Debug|Any CPU.ActiveCfg = Debug|Any CPU
		{14C6A743-3E95-4BD5-B243-C585BE7DD7FC}.Debug|Any CPU.Build.0 = Debug|Any CPU
		{14C6A743-3E95-4BD5-B243-C585BE7DD7FC}.Release|Any CPU.ActiveCfg = Release|Any CPU
		{14C6A743-3E95-4BD5-B243-C585BE7DD7FC}.Release|Any CPU.Build.0 = Release|Any CPU
		{AFBABD35-A8EE-45EC-B3C5-B6FB8E48BE02}.Debug|Any CPU.ActiveCfg = Debug|Any CPU
		{AFBABD35-A8EE-45EC-B3C5-B6FB8E48BE02}.Debug|Any CPU.Build.0 = Debug|Any CPU
		{AFBABD35-A8EE-45EC-B3C5-B6FB8E48BE02}.Release|Any CPU.ActiveCfg = Release|Any CPU
		{AFBABD35-A8EE-45EC-B3C5-B6FB8E48BE02}.Release|Any CPU.Build.0 = Release|Any CPU
		{D72155CF-36C4-4EBD-9D58-738F80CFBA47}.Debug|Any CPU.ActiveCfg = Debug|Any CPU
		{D72155CF-36C4-4EBD-9D58-738F80CFBA47}.Debug|Any CPU.Build.0 = Debug|Any CPU
		{D72155CF-36C4-4EBD-9D58-738F80CFBA47}.Release|Any CPU.ActiveCfg = Release|Any CPU
		{D72155CF-36C4-4EBD-9D58-738F80CFBA47}.Release|Any CPU.Build.0 = Release|Any CPU
		{D8DCD768-E6F5-478A-86EE-AA80A61324AB}.Debug|Any CPU.ActiveCfg = Debug|Any CPU
		{D8DCD768-E6F5-478A-86EE-AA80A61324AB}.Debug|Any CPU.Build.0 = Debug|Any CPU
		{D8DCD768-E6F5-478A-86EE-AA80A61324AB}.Release|Any CPU.ActiveCfg = Release|Any CPU
		{D8DCD768-E6F5-478A-86EE-AA80A61324AB}.Release|Any CPU.Build.0 = Release|Any CPU
		{CC49599D-9920-4228-9494-E78B27D0F0DF}.Debug|Any CPU.ActiveCfg = Debug|Any CPU
		{CC49599D-9920-4228-9494-E78B27D0F0DF}.Debug|Any CPU.Build.0 = Debug|Any CPU
		{CC49599D-9920-4228-9494-E78B27D0F0DF}.Release|Any CPU.ActiveCfg = Release|Any CPU
		{CC49599D-9920-4228-9494-E78B27D0F0DF}.Release|Any CPU.Build.0 = Release|Any CPU
		{DFDFC02A-E904-48BF-B016-BAEB7FFB8204}.Debug|Any CPU.ActiveCfg = Debug|Any CPU
		{DFDFC02A-E904-48BF-B016-BAEB7FFB8204}.Debug|Any CPU.Build.0 = Debug|Any CPU
		{DFDFC02A-E904-48BF-B016-BAEB7FFB8204}.Release|Any CPU.ActiveCfg = Release|Any CPU
		{DFDFC02A-E904-48BF-B016-BAEB7FFB8204}.Release|Any CPU.Build.0 = Release|Any CPU
		{79B92658-F0BE-4AC5-ABCF-DB06268E3382}.Debug|Any CPU.ActiveCfg = Debug|Any CPU
		{79B92658-F0BE-4AC5-ABCF-DB06268E3382}.Debug|Any CPU.Build.0 = Debug|Any CPU
		{79B92658-F0BE-4AC5-ABCF-DB06268E3382}.Release|Any CPU.ActiveCfg = Release|Any CPU
		{79B92658-F0BE-4AC5-ABCF-DB06268E3382}.Release|Any CPU.Build.0 = Release|Any CPU
		{CE186173-9B8F-41B4-9548-E2546D746B5B}.Debug|Any CPU.ActiveCfg = Debug|Any CPU
		{CE186173-9B8F-41B4-9548-E2546D746B5B}.Debug|Any CPU.Build.0 = Debug|Any CPU
		{CE186173-9B8F-41B4-9548-E2546D746B5B}.Release|Any CPU.ActiveCfg = Release|Any CPU
		{CE186173-9B8F-41B4-9548-E2546D746B5B}.Release|Any CPU.Build.0 = Release|Any CPU
		{94D506E7-C53F-4910-94DD-91B16515C019}.Debug|Any CPU.ActiveCfg = Debug|Any CPU
		{94D506E7-C53F-4910-94DD-91B16515C019}.Debug|Any CPU.Build.0 = Debug|Any CPU
		{94D506E7-C53F-4910-94DD-91B16515C019}.Release|Any CPU.ActiveCfg = Release|Any CPU
		{94D506E7-C53F-4910-94DD-91B16515C019}.Release|Any CPU.Build.0 = Release|Any CPU
		{FD66058E-D1B9-4478-8DA8-0E8609046BA1}.Debug|Any CPU.ActiveCfg = Debug|Any CPU
		{FD66058E-D1B9-4478-8DA8-0E8609046BA1}.Debug|Any CPU.Build.0 = Debug|Any CPU
		{FD66058E-D1B9-4478-8DA8-0E8609046BA1}.Release|Any CPU.ActiveCfg = Release|Any CPU
		{FD66058E-D1B9-4478-8DA8-0E8609046BA1}.Release|Any CPU.Build.0 = Release|Any CPU
		{874EF87E-107A-47B3-956E-9D9DFE569A06}.Debug|Any CPU.ActiveCfg = Debug|Any CPU
		{874EF87E-107A-47B3-956E-9D9DFE569A06}.Debug|Any CPU.Build.0 = Debug|Any CPU
		{874EF87E-107A-47B3-956E-9D9DFE569A06}.Release|Any CPU.ActiveCfg = Release|Any CPU
		{874EF87E-107A-47B3-956E-9D9DFE569A06}.Release|Any CPU.Build.0 = Release|Any CPU
		{9D3DC5B4-D899-4E3C-90F7-AAC618424939}.Debug|Any CPU.ActiveCfg = Debug|Any CPU
		{9D3DC5B4-D899-4E3C-90F7-AAC618424939}.Debug|Any CPU.Build.0 = Debug|Any CPU
		{9D3DC5B4-D899-4E3C-90F7-AAC618424939}.Release|Any CPU.ActiveCfg = Release|Any CPU
		{9D3DC5B4-D899-4E3C-90F7-AAC618424939}.Release|Any CPU.Build.0 = Release|Any CPU
		{5AF5BBA6-315E-4DC2-A73C-4A079640D3CA}.Debug|Any CPU.ActiveCfg = Debug|Any CPU
		{5AF5BBA6-315E-4DC2-A73C-4A079640D3CA}.Debug|Any CPU.Build.0 = Debug|Any CPU
		{5AF5BBA6-315E-4DC2-A73C-4A079640D3CA}.Release|Any CPU.ActiveCfg = Release|Any CPU
		{5AF5BBA6-315E-4DC2-A73C-4A079640D3CA}.Release|Any CPU.Build.0 = Release|Any CPU
		{C03743EA-EDCD-466D-B6D6-CDD0633118EC}.Debug|Any CPU.ActiveCfg = Debug|Any CPU
		{C03743EA-EDCD-466D-B6D6-CDD0633118EC}.Debug|Any CPU.Build.0 = Debug|Any CPU
		{C03743EA-EDCD-466D-B6D6-CDD0633118EC}.Release|Any CPU.ActiveCfg = Release|Any CPU
		{C03743EA-EDCD-466D-B6D6-CDD0633118EC}.Release|Any CPU.Build.0 = Release|Any CPU
		{5BAFBD32-7B61-40BF-91B2-521C2E961A70}.Debug|Any CPU.ActiveCfg = Debug|Any CPU
		{5BAFBD32-7B61-40BF-91B2-521C2E961A70}.Debug|Any CPU.Build.0 = Debug|Any CPU
		{5BAFBD32-7B61-40BF-91B2-521C2E961A70}.Release|Any CPU.ActiveCfg = Release|Any CPU
		{5BAFBD32-7B61-40BF-91B2-521C2E961A70}.Release|Any CPU.Build.0 = Release|Any CPU
		{EA1F9C6D-138E-4151-BBEF-E1DC2121ADCB}.Debug|Any CPU.ActiveCfg = Debug|Any CPU
		{EA1F9C6D-138E-4151-BBEF-E1DC2121ADCB}.Debug|Any CPU.Build.0 = Debug|Any CPU
		{EA1F9C6D-138E-4151-BBEF-E1DC2121ADCB}.Release|Any CPU.ActiveCfg = Release|Any CPU
		{EA1F9C6D-138E-4151-BBEF-E1DC2121ADCB}.Release|Any CPU.Build.0 = Release|Any CPU
		{B7E62A01-E0FF-4920-9803-72BA9D77DBF8}.Debug|Any CPU.ActiveCfg = Debug|Any CPU
		{B7E62A01-E0FF-4920-9803-72BA9D77DBF8}.Debug|Any CPU.Build.0 = Debug|Any CPU
		{B7E62A01-E0FF-4920-9803-72BA9D77DBF8}.Release|Any CPU.ActiveCfg = Release|Any CPU
		{B7E62A01-E0FF-4920-9803-72BA9D77DBF8}.Release|Any CPU.Build.0 = Release|Any CPU
		{ADCCFD68-3A86-4660-97D3-23FADBF08343}.Debug|Any CPU.ActiveCfg = Debug|Any CPU
		{ADCCFD68-3A86-4660-97D3-23FADBF08343}.Debug|Any CPU.Build.0 = Debug|Any CPU
		{ADCCFD68-3A86-4660-97D3-23FADBF08343}.Release|Any CPU.ActiveCfg = Release|Any CPU
		{ADCCFD68-3A86-4660-97D3-23FADBF08343}.Release|Any CPU.Build.0 = Release|Any CPU
		{3C8F3695-52FF-4907-A958-04CC08A70C60}.Debug|Any CPU.ActiveCfg = Debug|Any CPU
		{3C8F3695-52FF-4907-A958-04CC08A70C60}.Debug|Any CPU.Build.0 = Debug|Any CPU
		{3C8F3695-52FF-4907-A958-04CC08A70C60}.Release|Any CPU.ActiveCfg = Release|Any CPU
		{3C8F3695-52FF-4907-A958-04CC08A70C60}.Release|Any CPU.Build.0 = Release|Any CPU
	EndGlobalSection
	GlobalSection(SolutionProperties) = preSolution
		HideSolutionNode = FALSE
	EndGlobalSection
	GlobalSection(NestedProjects) = preSolution
		{14C6A743-3E95-4BD5-B243-C585BE7DD7FC} = {3B72DA08-215C-4ABE-BF41-31791DB0231B}
		{AFBABD35-A8EE-45EC-B3C5-B6FB8E48BE02} = {3B72DA08-215C-4ABE-BF41-31791DB0231B}
		{D72155CF-36C4-4EBD-9D58-738F80CFBA47} = {3B72DA08-215C-4ABE-BF41-31791DB0231B}
		{D8DCD768-E6F5-478A-86EE-AA80A61324AB} = {3B72DA08-215C-4ABE-BF41-31791DB0231B}
		{CC49599D-9920-4228-9494-E78B27D0F0DF} = {3B72DA08-215C-4ABE-BF41-31791DB0231B}
		{DFDFC02A-E904-48BF-B016-BAEB7FFB8204} = {C5965F44-E006-4771-A4D3-D796A4FDB2EC}
		{79B92658-F0BE-4AC5-ABCF-DB06268E3382} = {C5965F44-E006-4771-A4D3-D796A4FDB2EC}
		{CE186173-9B8F-41B4-9548-E2546D746B5B} = {C5965F44-E006-4771-A4D3-D796A4FDB2EC}
		{94D506E7-C53F-4910-94DD-91B16515C019} = {C5965F44-E006-4771-A4D3-D796A4FDB2EC}
		{FD66058E-D1B9-4478-8DA8-0E8609046BA1} = {C5965F44-E006-4771-A4D3-D796A4FDB2EC}
		{874EF87E-107A-47B3-956E-9D9DFE569A06} = {105E67D7-151C-477D-BB7B-41343812A21F}
		{9D3DC5B4-D899-4E3C-90F7-AAC618424939} = {105E67D7-151C-477D-BB7B-41343812A21F}
		{5AF5BBA6-315E-4DC2-A73C-4A079640D3CA} = {105E67D7-151C-477D-BB7B-41343812A21F}
		{C03743EA-EDCD-466D-B6D6-CDD0633118EC} = {105E67D7-151C-477D-BB7B-41343812A21F}
		{5BAFBD32-7B61-40BF-91B2-521C2E961A70} = {03703C94-ABEB-4285-A438-17B00FE9B4D6}
		{EA1F9C6D-138E-4151-BBEF-E1DC2121ADCB} = {03703C94-ABEB-4285-A438-17B00FE9B4D6}
		{B7E62A01-E0FF-4920-9803-72BA9D77DBF8} = {03703C94-ABEB-4285-A438-17B00FE9B4D6}
		{ADCCFD68-3A86-4660-97D3-23FADBF08343} = {03703C94-ABEB-4285-A438-17B00FE9B4D6}
		{3C8F3695-52FF-4907-A958-04CC08A70C60} = {0092B6F3-4B65-469A-A0B9-A68184E6E295}
	EndGlobalSection
	GlobalSection(ExtensibilityGlobals) = postSolution
		SolutionGuid = {ECC880A4-C5ED-4EFD-8314-90D096584506}
	EndGlobalSection
EndGlobal
